// !$*UTF8*$!
{
	archiveVersion = 1;
	classes = {
	};
	objectVersion = 46;
	objects = {

/* Begin PBXBuildFile section */
		32C532B0195A773F009AB1A4 /* Foundation.framework in Frameworks */ = {isa = PBXBuildFile; fileRef = 32C532AF195A773F009AB1A4 /* Foundation.framework */; };
		32C532B2195A773F009AB1A4 /* CoreGraphics.framework in Frameworks */ = {isa = PBXBuildFile; fileRef = 32C532B1195A773F009AB1A4 /* CoreGraphics.framework */; };
		32C532B4195A773F009AB1A4 /* UIKit.framework in Frameworks */ = {isa = PBXBuildFile; fileRef = 32C532B3195A773F009AB1A4 /* UIKit.framework */; };
		32C532B6195A773F009AB1A4 /* SpriteKit.framework in Frameworks */ = {isa = PBXBuildFile; fileRef = 32C532B5195A773F009AB1A4 /* SpriteKit.framework */; };
		32C532BC195A773F009AB1A4 /* InfoPlist.strings in Resources */ = {isa = PBXBuildFile; fileRef = 32C532BA195A773F009AB1A4 /* InfoPlist.strings */; };
		32C532BE195A773F009AB1A4 /* main.m in Sources */ = {isa = PBXBuildFile; fileRef = 32C532BD195A773F009AB1A4 /* main.m */; };
		32C532C2195A773F009AB1A4 /* AppDelegate.m in Sources */ = {isa = PBXBuildFile; fileRef = 32C532C1195A773F009AB1A4 /* AppDelegate.m */; };
		32C532C5195A773F009AB1A4 /* Main.storyboard in Resources */ = {isa = PBXBuildFile; fileRef = 32C532C3195A773F009AB1A4 /* Main.storyboard */; };
		32C532C8195A773F009AB1A4 /* ViewController.m in Sources */ = {isa = PBXBuildFile; fileRef = 32C532C7195A773F009AB1A4 /* ViewController.m */; };
		32C532CB195A773F009AB1A4 /* MyScene.m in Sources */ = {isa = PBXBuildFile; fileRef = 32C532CA195A773F009AB1A4 /* MyScene.m */; };
		32C532CD195A773F009AB1A4 /* Spaceship.png in Resources */ = {isa = PBXBuildFile; fileRef = 32C532CC195A773F009AB1A4 /* Spaceship.png */; };
		32C532CF195A773F009AB1A4 /* Images.xcassets in Resources */ = {isa = PBXBuildFile; fileRef = 32C532CE195A773F009AB1A4 /* Images.xcassets */; };
		32C532D6195A773F009AB1A4 /* XCTest.framework in Frameworks */ = {isa = PBXBuildFile; fileRef = 32C532D5195A773F009AB1A4 /* XCTest.framework */; };
		32C532D7195A773F009AB1A4 /* Foundation.framework in Frameworks */ = {isa = PBXBuildFile; fileRef = 32C532AF195A773F009AB1A4 /* Foundation.framework */; };
		32C532D8195A773F009AB1A4 /* UIKit.framework in Frameworks */ = {isa = PBXBuildFile; fileRef = 32C532B3195A773F009AB1A4 /* UIKit.framework */; };
		32C532E0195A773F009AB1A4 /* InfoPlist.strings in Resources */ = {isa = PBXBuildFile; fileRef = 32C532DE195A773F009AB1A4 /* InfoPlist.strings */; };
		32C532E2195A773F009AB1A4 /* AnimatedBearTests.m in Sources */ = {isa = PBXBuildFile; fileRef = 32C532E1195A773F009AB1A4 /* AnimatedBearTests.m */; };
		32C532EC195A793A009AB1A4 /* BearImages.atlas in Resources */ = {isa = PBXBuildFile; fileRef = 32C532EB195A793A009AB1A4 /* BearImages.atlas */; };
/* End PBXBuildFile section */

/* Begin PBXContainerItemProxy section */
		32C532D9195A773F009AB1A4 /* PBXContainerItemProxy */ = {
			isa = PBXContainerItemProxy;
			containerPortal = 32C532A4195A773F009AB1A4 /* Project object */;
			proxyType = 1;
			remoteGlobalIDString = 32C532AB195A773F009AB1A4;
			remoteInfo = AnimatedBear;
		};
/* End PBXContainerItemProxy section */

/* Begin PBXFileReference section */
		32C532AC195A773F009AB1A4 /* AnimatedBear.app */ = {isa = PBXFileReference; explicitFileType = wrapper.application; includeInIndex = 0; path = AnimatedBear.app; sourceTree = BUILT_PRODUCTS_DIR; };
		32C532AF195A773F009AB1A4 /* Foundation.framework */ = {isa = PBXFileReference; lastKnownFileType = wrapper.framework; name = Foundation.framework; path = System/Library/Frameworks/Foundation.framework; sourceTree = SDKROOT; };
		32C532B1195A773F009AB1A4 /* CoreGraphics.framework */ = {isa = PBXFileReference; lastKnownFileType = wrapper.framework; name = CoreGraphics.framework; path = System/Library/Frameworks/CoreGraphics.framework; sourceTree = SDKROOT; };
		32C532B3195A773F009AB1A4 /* UIKit.framework */ = {isa = PBXFileReference; lastKnownFileType = wrapper.framework; name = UIKit.framework; path = System/Library/Frameworks/UIKit.framework; sourceTree = SDKROOT; };
		32C532B5195A773F009AB1A4 /* SpriteKit.framework */ = {isa = PBXFileReference; lastKnownFileType = wrapper.framework; name = SpriteKit.framework; path = System/Library/Frameworks/SpriteKit.framework; sourceTree = SDKROOT; };
		32C532B9195A773F009AB1A4 /* AnimatedBear-Info.plist */ = {isa = PBXFileReference; lastKnownFileType = text.plist.xml; path = "AnimatedBear-Info.plist"; sourceTree = "<group>"; };
		32C532BB195A773F009AB1A4 /* en */ = {isa = PBXFileReference; lastKnownFileType = text.plist.strings; name = en; path = en.lproj/InfoPlist.strings; sourceTree = "<group>"; };
		32C532BD195A773F009AB1A4 /* main.m */ = {isa = PBXFileReference; lastKnownFileType = sourcecode.c.objc; path = main.m; sourceTree = "<group>"; };
		32C532BF195A773F009AB1A4 /* AnimatedBear-Prefix.pch */ = {isa = PBXFileReference; lastKnownFileType = sourcecode.c.h; path = "AnimatedBear-Prefix.pch"; sourceTree = "<group>"; };
		32C532C0195A773F009AB1A4 /* AppDelegate.h */ = {isa = PBXFileReference; lastKnownFileType = sourcecode.c.h; path = AppDelegate.h; sourceTree = "<group>"; };
		32C532C1195A773F009AB1A4 /* AppDelegate.m */ = {isa = PBXFileReference; lastKnownFileType = sourcecode.c.objc; path = AppDelegate.m; sourceTree = "<group>"; };
		32C532C4195A773F009AB1A4 /* Base */ = {isa = PBXFileReference; lastKnownFileType = file.storyboard; name = Base; path = Base.lproj/Main.storyboard; sourceTree = "<group>"; };
		32C532C6195A773F009AB1A4 /* ViewController.h */ = {isa = PBXFileReference; lastKnownFileType = sourcecode.c.h; path = ViewController.h; sourceTree = "<group>"; };
		32C532C7195A773F009AB1A4 /* ViewController.m */ = {isa = PBXFileReference; lastKnownFileType = sourcecode.c.objc; path = ViewController.m; sourceTree = "<group>"; };
		32C532C9195A773F009AB1A4 /* MyScene.h */ = {isa = PBXFileReference; lastKnownFileType = sourcecode.c.h; path = MyScene.h; sourceTree = "<group>"; };
		32C532CA195A773F009AB1A4 /* MyScene.m */ = {isa = PBXFileReference; lastKnownFileType = sourcecode.c.objc; path = MyScene.m; sourceTree = "<group>"; };
		32C532CC195A773F009AB1A4 /* Spaceship.png */ = {isa = PBXFileReference; lastKnownFileType = image.png; path = Spaceship.png; sourceTree = "<group>"; };
		32C532CE195A773F009AB1A4 /* Images.xcassets */ = {isa = PBXFileReference; lastKnownFileType = folder.assetcatalog; path = Images.xcassets; sourceTree = "<group>"; };
		32C532D4195A773F009AB1A4 /* AnimatedBearTests.xctest */ = {isa = PBXFileReference; explicitFileType = wrapper.cfbundle; includeInIndex = 0; path = AnimatedBearTests.xctest; sourceTree = BUILT_PRODUCTS_DIR; };
		32C532D5195A773F009AB1A4 /* XCTest.framework */ = {isa = PBXFileReference; lastKnownFileType = wrapper.framework; name = XCTest.framework; path = Library/Frameworks/XCTest.framework; sourceTree = DEVELOPER_DIR; };
		32C532DD195A773F009AB1A4 /* AnimatedBearTests-Info.plist */ = {isa = PBXFileReference; lastKnownFileType = text.plist.xml; path = "AnimatedBearTests-Info.plist"; sourceTree = "<group>"; };
		32C532DF195A773F009AB1A4 /* en */ = {isa = PBXFileReference; lastKnownFileType = text.plist.strings; name = en; path = en.lproj/InfoPlist.strings; sourceTree = "<group>"; };
		32C532E1195A773F009AB1A4 /* AnimatedBearTests.m */ = {isa = PBXFileReference; lastKnownFileType = sourcecode.c.objc; path = AnimatedBearTests.m; sourceTree = "<group>"; };
		32C532EB195A793A009AB1A4 /* BearImages.atlas */ = {isa = PBXFileReference; lastKnownFileType = folder.skatlas; path = BearImages.atlas; sourceTree = "<group>"; };
/* End PBXFileReference section */

/* Begin PBXFrameworksBuildPhase section */
		32C532A9195A773F009AB1A4 /* Frameworks */ = {
			isa = PBXFrameworksBuildPhase;
			buildActionMask = 2147483647;
			files = (
				32C532B2195A773F009AB1A4 /* CoreGraphics.framework in Frameworks */,
				32C532B4195A773F009AB1A4 /* UIKit.framework in Frameworks */,
				32C532B6195A773F009AB1A4 /* SpriteKit.framework in Frameworks */,
				32C532B0195A773F009AB1A4 /* Foundation.framework in Frameworks */,
			);
			runOnlyForDeploymentPostprocessing = 0;
		};
		32C532D1195A773F009AB1A4 /* Frameworks */ = {
			isa = PBXFrameworksBuildPhase;
			buildActionMask = 2147483647;
			files = (
				32C532D6195A773F009AB1A4 /* XCTest.framework in Frameworks */,
				32C532D8195A773F009AB1A4 /* UIKit.framework in Frameworks */,
				32C532D7195A773F009AB1A4 /* Foundation.framework in Frameworks */,
			);
			runOnlyForDeploymentPostprocessing = 0;
		};
/* End PBXFrameworksBuildPhase section */

/* Begin PBXGroup section */
		32C532A3195A773F009AB1A4 = {
			isa = PBXGroup;
			children = (
				32C532B7195A773F009AB1A4 /* AnimatedBear */,
				32C532DB195A773F009AB1A4 /* AnimatedBearTests */,
				32C532AE195A773F009AB1A4 /* Frameworks */,
				32C532AD195A773F009AB1A4 /* Products */,
			);
			sourceTree = "<group>";
		};
		32C532AD195A773F009AB1A4 /* Products */ = {
			isa = PBXGroup;
			children = (
				32C532AC195A773F009AB1A4 /* AnimatedBear.app */,
				32C532D4195A773F009AB1A4 /* AnimatedBearTests.xctest */,
			);
			name = Products;
			sourceTree = "<group>";
		};
		32C532AE195A773F009AB1A4 /* Frameworks */ = {
			isa = PBXGroup;
			children = (
				32C532AF195A773F009AB1A4 /* Foundation.framework */,
				32C532B1195A773F009AB1A4 /* CoreGraphics.framework */,
				32C532B3195A773F009AB1A4 /* UIKit.framework */,
				32C532B5195A773F009AB1A4 /* SpriteKit.framework */,
				32C532D5195A773F009AB1A4 /* XCTest.framework */,
			);
			name = Frameworks;
			sourceTree = "<group>";
		};
		32C532B7195A773F009AB1A4 /* AnimatedBear */ = {
			isa = PBXGroup;
			children = (
				32C532EB195A793A009AB1A4 /* BearImages.atlas */,
				32C532C0195A773F009AB1A4 /* AppDelegate.h */,
				32C532C1195A773F009AB1A4 /* AppDelegate.m */,
				32C532C3195A773F009AB1A4 /* Main.storyboard */,
				32C532C6195A773F009AB1A4 /* ViewController.h */,
				32C532C7195A773F009AB1A4 /* ViewController.m */,
				32C532C9195A773F009AB1A4 /* MyScene.h */,
				32C532CA195A773F009AB1A4 /* MyScene.m */,
				32C532CC195A773F009AB1A4 /* Spaceship.png */,
				32C532CE195A773F009AB1A4 /* Images.xcassets */,
				32C532B8195A773F009AB1A4 /* Supporting Files */,
			);
			path = AnimatedBear;
			sourceTree = "<group>";
		};
		32C532B8195A773F009AB1A4 /* Supporting Files */ = {
			isa = PBXGroup;
			children = (
				32C532B9195A773F009AB1A4 /* AnimatedBear-Info.plist */,
				32C532BA195A773F009AB1A4 /* InfoPlist.strings */,
				32C532BD195A773F009AB1A4 /* main.m */,
				32C532BF195A773F009AB1A4 /* AnimatedBear-Prefix.pch */,
			);
			name = "Supporting Files";
			sourceTree = "<group>";
		};
		32C532DB195A773F009AB1A4 /* AnimatedBearTests */ = {
			isa = PBXGroup;
			children = (
				32C532E1195A773F009AB1A4 /* AnimatedBearTests.m */,
				32C532DC195A773F009AB1A4 /* Supporting Files */,
			);
			path = AnimatedBearTests;
			sourceTree = "<group>";
		};
		32C532DC195A773F009AB1A4 /* Supporting Files */ = {
			isa = PBXGroup;
			children = (
				32C532DD195A773F009AB1A4 /* AnimatedBearTests-Info.plist */,
				32C532DE195A773F009AB1A4 /* InfoPlist.strings */,
			);
			name = "Supporting Files";
			sourceTree = "<group>";
		};
/* End PBXGroup section */

/* Begin PBXNativeTarget section */
		32C532AB195A773F009AB1A4 /* AnimatedBear */ = {
			isa = PBXNativeTarget;
			buildConfigurationList = 32C532E5195A773F009AB1A4 /* Build configuration list for PBXNativeTarget "AnimatedBear" */;
			buildPhases = (
				32C532A8195A773F009AB1A4 /* Sources */,
				32C532A9195A773F009AB1A4 /* Frameworks */,
				32C532AA195A773F009AB1A4 /* Resources */,
			);
			buildRules = (
			);
			dependencies = (
			);
			name = AnimatedBear;
			productName = AnimatedBear;
			productReference = 32C532AC195A773F009AB1A4 /* AnimatedBear.app */;
			productType = "com.apple.product-type.application";
		};
		32C532D3195A773F009AB1A4 /* AnimatedBearTests */ = {
			isa = PBXNativeTarget;
			buildConfigurationList = 32C532E8195A773F009AB1A4 /* Build configuration list for PBXNativeTarget "AnimatedBearTests" */;
			buildPhases = (
				32C532D0195A773F009AB1A4 /* Sources */,
				32C532D1195A773F009AB1A4 /* Frameworks */,
				32C532D2195A773F009AB1A4 /* Resources */,
			);
			buildRules = (
			);
			dependencies = (
				32C532DA195A773F009AB1A4 /* PBXTargetDependency */,
			);
			name = AnimatedBearTests;
			productName = AnimatedBearTests;
			productReference = 32C532D4195A773F009AB1A4 /* AnimatedBearTests.xctest */;
			productType = "com.apple.product-type.bundle.unit-test";
		};
/* End PBXNativeTarget section */

/* Begin PBXProject section */
		32C532A4195A773F009AB1A4 /* Project object */ = {
			isa = PBXProject;
			attributes = {
				LastUpgradeCheck = 0510;
				ORGANIZATIONNAME = "Fang YiXiong";
				TargetAttributes = {
					32C532D3195A773F009AB1A4 = {
						TestTargetID = 32C532AB195A773F009AB1A4;
					};
				};
			};
			buildConfigurationList = 32C532A7195A773F009AB1A4 /* Build configuration list for PBXProject "AnimatedBear" */;
			compatibilityVersion = "Xcode 3.2";
			developmentRegion = English;
			hasScannedForEncodings = 0;
			knownRegions = (
				en,
				Base,
			);
			mainGroup = 32C532A3195A773F009AB1A4;
			productRefGroup = 32C532AD195A773F009AB1A4 /* Products */;
			projectDirPath = "";
			projectRoot = "";
			targets = (
				32C532AB195A773F009AB1A4 /* AnimatedBear */,
				32C532D3195A773F009AB1A4 /* AnimatedBearTests */,
			);
		};
/* End PBXProject section */

/* Begin PBXResourcesBuildPhase section */
		32C532AA195A773F009AB1A4 /* Resources */ = {
			isa = PBXResourcesBuildPhase;
			buildActionMask = 2147483647;
			files = (
				32C532BC195A773F009AB1A4 /* InfoPlist.strings in Resources */,
				32C532CF195A773F009AB1A4 /* Images.xcassets in Resources */,
				32C532EC195A793A009AB1A4 /* BearImages.atlas in Resources */,
				32C532CD195A773F009AB1A4 /* Spaceship.png in Resources */,
				32C532C5195A773F009AB1A4 /* Main.storyboard in Resources */,
			);
			runOnlyForDeploymentPostprocessing = 0;
		};
		32C532D2195A773F009AB1A4 /* Resources */ = {
			isa = PBXResourcesBuildPhase;
			buildActionMask = 2147483647;
			files = (
				32C532E0195A773F009AB1A4 /* InfoPlist.strings in Resources */,
			);
			runOnlyForDeploymentPostprocessing = 0;
		};
/* End PBXResourcesBuildPhase section */

/* Begin PBXSourcesBuildPhase section */
		32C532A8195A773F009AB1A4 /* Sources */ = {
			isa = PBXSourcesBuildPhase;
			buildActionMask = 2147483647;
			files = (
				32C532CB195A773F009AB1A4 /* MyScene.m in Sources */,
				32C532C8195A773F009AB1A4 /* ViewController.m in Sources */,
				32C532C2195A773F009AB1A4 /* AppDelegate.m in Sources */,
				32C532BE195A773F009AB1A4 /* main.m in Sources */,
			);
			runOnlyForDeploymentPostprocessing = 0;
		};
		32C532D0195A773F009AB1A4 /* Sources */ = {
			isa = PBXSourcesBuildPhase;
			buildActionMask = 2147483647;
			files = (
				32C532E2195A773F009AB1A4 /* AnimatedBearTests.m in Sources */,
			);
			runOnlyForDeploymentPostprocessing = 0;
		};
/* End PBXSourcesBuildPhase section */

/* Begin PBXTargetDependency section */
		32C532DA195A773F009AB1A4 /* PBXTargetDependency */ = {
			isa = PBXTargetDependency;
			target = 32C532AB195A773F009AB1A4 /* AnimatedBear */;
			targetProxy = 32C532D9195A773F009AB1A4 /* PBXContainerItemProxy */;
		};
/* End PBXTargetDependency section */

/* Begin PBXVariantGroup section */
		32C532BA195A773F009AB1A4 /* InfoPlist.strings */ = {
			isa = PBXVariantGroup;
			children = (
				32C532BB195A773F009AB1A4 /* en */,
			);
			name = InfoPlist.strings;
			sourceTree = "<group>";
		};
		32C532C3195A773F009AB1A4 /* Main.storyboard */ = {
			isa = PBXVariantGroup;
			children = (
				32C532C4195A773F009AB1A4 /* Base */,
			);
			name = Main.storyboard;
			sourceTree = "<group>";
		};
		32C532DE195A773F009AB1A4 /* InfoPlist.strings */ = {
			isa = PBXVariantGroup;
			children = (
				32C532DF195A773F009AB1A4 /* en */,
			);
			name = InfoPlist.strings;
			sourceTree = "<group>";
		};
/* End PBXVariantGroup section */

/* Begin XCBuildConfiguration section */
		32C532E3195A773F009AB1A4 /* Debug */ = {
			isa = XCBuildConfiguration;
			buildSettings = {
				ALWAYS_SEARCH_USER_PATHS = NO;
				CLANG_CXX_LANGUAGE_STANDARD = "gnu++0x";
				CLANG_CXX_LIBRARY = "libc++";
				CLANG_ENABLE_MODULES = YES;
				CLANG_ENABLE_OBJC_ARC = YES;
				CLANG_WARN_BOOL_CONVERSION = YES;
				CLANG_WARN_CONSTANT_CONVERSION = YES;
				CLANG_WARN_DIRECT_OBJC_ISA_USAGE = YES_ERROR;
				CLANG_WARN_EMPTY_BODY = YES;
				CLANG_WARN_ENUM_CONVERSION = YES;
				CLANG_WARN_INT_CONVERSION = YES;
				CLANG_WARN_OBJC_ROOT_CLASS = YES_ERROR;
				CLANG_WARN__DUPLICATE_METHOD_MATCH = YES;
				"CODE_SIGN_IDENTITY[sdk=iphoneos*]" = "iPhone Developer";
				COPY_PHASE_STRIP = NO;
				GCC_C_LANGUAGE_STANDARD = gnu99;
				GCC_DYNAMIC_NO_PIC = NO;
				GCC_OPTIMIZATION_LEVEL = 0;
				GCC_PREPROCESSOR_DEFINITIONS = (
					"DEBUG=1",
					"$(inherited)",
				);
				GCC_SYMBOLS_PRIVATE_EXTERN = NO;
				GCC_WARN_64_TO_32_BIT_CONVERSION = YES;
				GCC_WARN_ABOUT_RETURN_TYPE = YES_ERROR;
				GCC_WARN_UNDECLARED_SELECTOR = YES;
				GCC_WARN_UNINITIALIZED_AUTOS = YES_AGGRESSIVE;
				GCC_WARN_UNUSED_FUNCTION = YES;
				GCC_WARN_UNUSED_VARIABLE = YES;
				IPHONEOS_DEPLOYMENT_TARGET = 7.1;
				ONLY_ACTIVE_ARCH = YES;
				SDKROOT = iphoneos;
				TARGETED_DEVICE_FAMILY = 2;
			};
			name = Debug;
		};
		32C532E4195A773F009AB1A4 /* Release */ = {
			isa = XCBuildConfiguration;
			buildSettings = {
				ALWAYS_SEARCH_USER_PATHS = NO;
				CLANG_CXX_LANGUAGE_STANDARD = "gnu++0x";
				CLANG_CXX_LIBRARY = "libc++";
				CLANG_ENABLE_MODULES = YES;
				CLANG_ENABLE_OBJC_ARC = YES;
				CLANG_WARN_BOOL_CONVERSION = YES;
				CLANG_WARN_CONSTANT_CONVERSION = YES;
				CLANG_WARN_DIRECT_OBJC_ISA_USAGE = YES_ERROR;
				CLANG_WARN_EMPTY_BODY = YES;
				CLANG_WARN_ENUM_CONVERSION = YES;
				CLANG_WARN_INT_CONVERSION = YES;
				CLANG_WARN_OBJC_ROOT_CLASS = YES_ERROR;
				CLANG_WARN__DUPLICATE_METHOD_MATCH = YES;
				"CODE_SIGN_IDENTITY[sdk=iphoneos*]" = "iPhone Developer";
				COPY_PHASE_STRIP = YES;
				ENABLE_NS_ASSERTIONS = NO;
				GCC_C_LANGUAGE_STANDARD = gnu99;
				GCC_WARN_64_TO_32_BIT_CONVERSION = YES;
				GCC_WARN_ABOUT_RETURN_TYPE = YES_ERROR;
				GCC_WARN_UNDECLARED_SELECTOR = YES;
				GCC_WARN_UNINITIALIZED_AUTOS = YES_AGGRESSIVE;
				GCC_WARN_UNUSED_FUNCTION = YES;
				GCC_WARN_UNUSED_VARIABLE = YES;
				IPHONEOS_DEPLOYMENT_TARGET = 7.1;
				SDKROOT = iphoneos;
				TARGETED_DEVICE_FAMILY = 2;
				VALIDATE_PRODUCT = YES;
			};
			name = Release;
		};
		32C532E6195A773F009AB1A4 /* Debug */ = {
			isa = XCBuildConfiguration;
			buildSettings = {
				ASSETCATALOG_COMPILER_APPICON_NAME = AppIcon;
				ASSETCATALOG_COMPILER_LAUNCHIMAGE_NAME = LaunchImage;
				GCC_PRECOMPILE_PREFIX_HEADER = YES;
				GCC_PREFIX_HEADER = "AnimatedBear/AnimatedBear-Prefix.pch";
				INFOPLIST_FILE = "AnimatedBear/AnimatedBear-Info.plist";
				PRODUCT_NAME = "$(TARGET_NAME)";
				SPRITEKIT_TEXTURE_ATLAS_OUTPUT = YES;
				WRAPPER_EXTENSION = app;
			};
			name = Debug;
		};
		32C532E7195A773F009AB1A4 /* Release */ = {
			isa = XCBuildConfiguration;
			buildSettings = {
				ASSETCATALOG_COMPILER_APPICON_NAME = AppIcon;
				ASSETCATALOG_COMPILER_LAUNCHIMAGE_NAME = LaunchImage;
				GCC_PRECOMPILE_PREFIX_HEADER = YES;
				GCC_PREFIX_HEADER = "AnimatedBear/AnimatedBear-Prefix.pch";
				INFOPLIST_FILE = "AnimatedBear/AnimatedBear-Info.plist";
				PRODUCT_NAME = "$(TARGET_NAME)";
				SPRITEKIT_TEXTURE_ATLAS_OUTPUT = YES;
				WRAPPER_EXTENSION = app;
			};
			name = Release;
		};
		32C532E9195A773F009AB1A4 /* Debug */ = {
			isa = XCBuildConfiguration;
			buildSettings = {
				BUNDLE_LOADER = "$(BUILT_PRODUCTS_DIR)/AnimatedBear.app/AnimatedBear";
				FRAMEWORK_SEARCH_PATHS = (
					"$(SDKROOT)/Developer/Library/Frameworks",
					"$(inherited)",
					"$(DEVELOPER_FRAMEWORKS_DIR)",
				);
				GCC_PRECOMPILE_PREFIX_HEADER = YES;
				GCC_PREFIX_HEADER = "AnimatedBear/AnimatedBear-Prefix.pch";
				GCC_PREPROCESSOR_DEFINITIONS = (
					"DEBUG=1",
					"$(inherited)",
				);
				INFOPLIST_FILE = "AnimatedBearTests/AnimatedBearTests-Info.plist";
				PRODUCT_NAME = "$(TARGET_NAME)";
				TEST_HOST = "$(BUNDLE_LOADER)";
				WRAPPER_EXTENSION = xctest;
			};
			name = Debug;
		};
		32C532EA195A773F009AB1A4 /* Release */ = {
			isa = XCBuildConfiguration;
			buildSettings = {
				BUNDLE_LOADER = "$(BUILT_PRODUCTS_DIR)/AnimatedBear.app/AnimatedBear";
				FRAMEWORK_SEARCH_PATHS = (
					"$(SDKROOT)/Developer/Library/Frameworks",
					"$(inherited)",
					"$(DEVELOPER_FRAMEWORKS_DIR)",
				);
				GCC_PRECOMPILE_PREFIX_HEADER = YES;
				GCC_PREFIX_HEADER = "AnimatedBear/AnimatedBear-Prefix.pch";
				INFOPLIST_FILE = "AnimatedBearTests/AnimatedBearTests-Info.plist";
				PRODUCT_NAME = "$(TARGET_NAME)";
				TEST_HOST = "$(BUNDLE_LOADER)";
				WRAPPER_EXTENSION = xctest;
			};
			name = Release;
		};
/* End XCBuildConfiguration section */

/* Begin XCConfigurationList section */
		32C532A7195A773F009AB1A4 /* Build configuration list for PBXProject "AnimatedBear" */ = {
			isa = XCConfigurationList;
			buildConfigurations = (
				32C532E3195A773F009AB1A4 /* Debug */,
				32C532E4195A773F009AB1A4 /* Release */,
			);
			defaultConfigurationIsVisible = 0;
			defaultConfigurationName = Release;
		};
		32C532E5195A773F009AB1A4 /* Build configuration list for PBXNativeTarget "AnimatedBear" */ = {
			isa = XCConfigurationList;
			buildConfigurations = (
				32C532E6195A773F009AB1A4 /* Debug */,
				32C532E7195A773F009AB1A4 /* Release */,
			);
			defaultConfigurationIsVisible = 0;
		};
		32C532E8195A773F009AB1A4 /* Build configuration list for PBXNativeTarget "AnimatedBearTests" */ = {
			isa = XCConfigurationList;
			buildConfigurations = (
				32C532E9195A773F009AB1A4 /* Debug */,
				32C532EA195A773F009AB1A4 /* Release */,
			);
			defaultConfigurationIsVisible = 0;
		};
/* End XCConfigurationList section */
	};
	rootObject = 32C532A4195A773F009AB1A4 /* Project object */;
}
